
Microsoft Visual Studio Solution File, Format Version 12.00
# Visual Studio Version 16
VisualStudioVersion = 16.0.31321.278
MinimumVisualStudioVersion = 10.0.40219.1
Project("{FAE04EC0-301F-11D3-BF4B-00C04F79EFBC}") = "CadProduto", "CadProduto\CadProduto.csproj", "{F30AA99E-E29A-4510-B9A8-2733C841D996}"
EndProject
Global
	GlobalSection(SolutionConfigurationPlatforms) = preSolution
		Debug|Any CPU = Debug|Any CPU
		Release|Any CPU = Release|Any CPU
	EndGlobalSection
	GlobalSection(ProjectConfigurationPlatforms) = postSolution
		{F30AA99E-E29A-4510-B9A8-2733C841D996}.Debug|Any CPU.ActiveCfg = Debug|Any CPU
		{F30AA99E-E29A-4510-B9A8-2733C841D996}.Debug|Any CPU.Build.0 = Debug|Any CPU
		{F30AA99E-E29A-4510-B9A8-2733C841D996}.Release|Any CPU.ActiveCfg = Release|Any CPU
		{F30AA99E-E29A-4510-B9A8-2733C841D996}.Release|Any CPU.Build.0 = Release|Any CPU
	EndGlobalSection
	GlobalSection(SolutionProperties) = preSolution
		HideSolutionNode = FALSE
	EndGlobalSection
	GlobalSection(ExtensibilityGlobals) = postSolution
		SolutionGuid = {A4BD0BEF-6B05-48D0-A333-D010053A3029}
	EndGlobalSection
EndGlobal
